{"version":4,"terraform_version":"1.10.6","serial":14,"lineage":"c57102f3-67c2-2c23-c667-45826f1ac5d2","outputs":{"vms":{"value":{"apache2":{"ips":["192.168.200.55","No disponible","No disponible"],"nombre":"apache2"},"mariadb":{"ips":["192.168.200.237","No disponible","No disponible"],"nombre":"mariadb"}},"type":["object",{"apache2":["object",{"ips":["tuple",["string","string","string"]],"nombre":"string"}],"mariadb":["object",{"ips":["tuple",["string","string","string"]],"nombre":"string"}]}]}},"resources":[{"module":"module.network[\"red-conf\"]","mode":"managed","type":"libvirt_network","name":"net","provider":"provider[\"registry.opentofu.org/dmacvicar/libvirt\"]","instances":[{"schema_version":0,"attributes":{"addresses":["192.168.201.0/24"],"autostart":true,"bridge":"br-conf","dhcp":[{"enabled":false}],"dns":[{"enabled":false,"forwarders":[],"hosts":[],"local_only":false,"srvs":[]}],"dnsmasq_options":[],"domain":null,"id":"9c39c368-736c-4c6c-a5be-0a60868cefcb","mode":"none","mtu":null,"name":"red-conf","routes":[],"xml":[]},"sensitive_attributes":[],"private":"bnVsbA=="}]},{"module":"module.network[\"red-datos\"]","mode":"managed","type":"libvirt_network","name":"net","provider":"provider[\"registry.opentofu.org/dmacvicar/libvirt\"]","instances":[{"schema_version":0,"attributes":{"addresses":[],"autostart":true,"bridge":"br-datos","dhcp":[{"enabled":false}],"dns":[{"enabled":false,"forwarders":[],"hosts":[],"local_only":false,"srvs":[]}],"dnsmasq_options":[],"domain":null,"id":"5a3c0de9-c063-4872-9c1c-239a78522b39","mode":"none","mtu":null,"name":"red-datos","routes":[],"xml":[]},"sensitive_attributes":[],"private":"bnVsbA=="}]},{"module":"module.network[\"red-externa\"]","mode":"managed","type":"libvirt_network","name":"net","provider":"provider[\"registry.opentofu.org/dmacvicar/libvirt\"]","instances":[{"schema_version":0,"attributes":{"addresses":["192.168.200.0/24"],"autostart":true,"bridge":"br-ex","dhcp":[{"enabled":true}],"dns":[{"enabled":true,"forwarders":[],"hosts":[],"local_only":false,"srvs":[]}],"dnsmasq_options":[],"domain":"example.com","id":"d160d801-b0c9-4df6-b0ed-18ddd7bb0a02","mode":"nat","mtu":null,"name":"red-externa","routes":[],"xml":[]},"sensitive_attributes":[],"private":"bnVsbA=="}]},{"module":"module.server[\"apache2\"]","mode":"managed","type":"libvirt_cloudinit_disk","name":"cloudinit","provider":"provider[\"registry.opentofu.org/dmacvicar/libvirt\"]","instances":[{"index_key":0,"schema_version":0,"attributes":{"id":"/var/lib/libvirt/images/apache2-cloudinit.iso;ccd80d34-6e47-49b4-a582-7f8063d398db","meta_data":"","name":"apache2-cloudinit.iso","network_config":"network:\n  version: 2\n  ethernets:\n    ens3:\n      dhcp4: true\n    ens4: \n      dhcp4: false\n      addresses: [\"192.168.201.2/24\"]\n    ens5: \n      dhcp4: false\n      addresses: [\"10.0.0.1/24\"]\n\n      ","pool":"default","user_data":"#cloud-config\n\"chpasswd\":\n  \"expire\": false\n  \"users\":\n  - \"name\": \"debian\"\n    \"password\": \"asdasd\"\n    \"type\": \"text\"\n\"hostname\": \"apache2\"\n\"keyboard\":\n  \"layout\": \"es\"\n  \"variant\": \"\"\n\"locale\": \"es_ES.UTF-8\"\n\"runcmd\":\n- \"for i in {1..15}; do ping -c1 8.8.8.8 \u0026\u0026 break || sleep 2; done\"\n- \"for i in {1..10}; do getent hosts deb.debian.org \u0026\u0026 break || sleep 2; done\"\n- \"DEBIAN_FRONTEND=noninteractive apt-get update -o Acquire::ForceIPv4=true || true\"\n- \"DEBIAN_FRONTEND=noninteractive apt-get install -y -o Dpkg::Options::=\\\"--force-confdef\\\"\n  -o Dpkg::Options::=\\\"--force-confold\\\" kbd || true\"\n- \"loadkeys es || true\"\n- \"command -v setupcon \u003e/dev/null 2\u003e\u00261 \u0026\u0026 setupcon || true\"\n- \"localectl set-locale LANG=es_ES.UTF-8 || true\"\n\"timezone\": \"Europe/Madrid\"\n\"users\":\n- \"groups\": \"users, admin\"\n  \"name\": \"debian\"\n  \"shell\": \"/bin/bash\"\n  \"ssh-authorized-keys\":\n  - \"ssh-ed25519 AAAAC3NzaC1lZDI1NTE5AAAAIGlvA2THtXwTUPU/p7EnbvJCjz5GUxWtXch7YJPE6x7A\n    marina@debian\"\n  \"sudo\": \"ALL=(ALL) NOPASSWD:ALL\"\n\"write_files\":\n- \"content\": |\n    Acquire::ForceIPv4 \"true\";\n  \"path\": \"/etc/apt/apt.conf.d/99force-ipv4\"\n  \"permissions\": \"0644\"\n- \"content\": |\n    XKBMODEL=\"pc105\"\n    XKBLAYOUT=\"es\"\n    XKBVARIANT=\"\"\n    XKBOPTIONS=\"\"\n    BACKSPACE=\"guess\"\n  \"owner\": \"root:root\"\n  \"path\": \"/etc/default/keyboard\"\n  \"permissions\": \"0644\"\n"},"sensitive_attributes":[],"private":"bnVsbA=="}]},{"module":"module.server[\"apache2\"]","mode":"managed","type":"libvirt_domain","name":"vm","provider":"provider[\"registry.opentofu.org/dmacvicar/libvirt\"]","instances":[{"schema_version":0,"attributes":{"arch":"x86_64","autostart":false,"boot_device":[],"cloudinit":"/var/lib/libvirt/images/apache2-cloudinit.iso;ccd80d34-6e47-49b4-a582-7f8063d398db","cmdline":null,"console":[],"coreos_ignition":null,"cpu":[{"mode":"custom"}],"description":"","disk":[{"block_device":"","file":"","scsi":false,"url":"","volume_id":"/var/lib/libvirt/images/apache2-linked.qcow2","wwn":""}],"emulator":"/usr/bin/qemu-system-x86_64","filesystem":[],"firmware":null,"fw_cfg_name":"opt/com.coreos/config","graphics":[],"id":"e9a41ea6-cb79-4a07-beda-026bd9b55d5d","initrd":"","kernel":"","machine":"pc","memory":1024,"metadata":null,"name":"apache2","network_interface":[{"addresses":["192.168.200.55"],"bridge":"","hostname":"","mac":"52:54:00:F6:20:32","macvtap":"","network_id":"d160d801-b0c9-4df6-b0ed-18ddd7bb0a02","network_name":"red-externa","passthrough":"","vepa":"","wait_for_lease":true},{"addresses":[],"bridge":"","hostname":"","mac":"52:54:00:22:41:89","macvtap":"","network_id":"9c39c368-736c-4c6c-a5be-0a60868cefcb","network_name":"red-conf","passthrough":"","vepa":"","wait_for_lease":false},{"addresses":[],"bridge":"","hostname":"","mac":"52:54:00:52:5C:49","macvtap":"","network_id":"5a3c0de9-c063-4872-9c1c-239a78522b39","network_name":"red-datos","passthrough":"","vepa":"","wait_for_lease":false}],"nvram":[],"qemu_agent":false,"running":true,"timeouts":null,"tpm":[],"type":"kvm","vcpu":1,"video":[],"xml":[]},"sensitive_attributes":[],"private":"eyJlMmJmYjczMC1lY2FhLTExZTYtOGY4OC0zNDM2M2JjN2M0YzAiOnsiY3JlYXRlIjozMDAwMDAwMDAwMDB9fQ==","dependencies":["module.network.libvirt_network.net","module.server.libvirt_cloudinit_disk.cloudinit","module.server.libvirt_volume.disk_main","module.server.libvirt_volume.extra_disks"]}]},{"module":"module.server[\"apache2\"]","mode":"managed","type":"libvirt_volume","name":"disk_main","provider":"provider[\"registry.opentofu.org/dmacvicar/libvirt\"]","instances":[{"schema_version":0,"attributes":{"base_volume_id":"/var/lib/libvirt/images/debian13-base.qcow2","base_volume_name":null,"base_volume_pool":null,"format":"qcow2","id":"/var/lib/libvirt/images/apache2-linked.qcow2","name":"apache2-linked.qcow2","pool":"default","size":10737418240,"source":null,"xml":[]},"sensitive_attributes":[],"private":"bnVsbA=="}]},{"module":"module.server[\"mariadb\"]","mode":"managed","type":"libvirt_cloudinit_disk","name":"cloudinit","provider":"provider[\"registry.opentofu.org/dmacvicar/libvirt\"]","instances":[{"index_key":0,"schema_version":0,"attributes":{"id":"/var/lib/libvirt/images/mariadb-cloudinit.iso;d3fc5abf-b691-4297-baf2-6163f6bebad3","meta_data":"","name":"mariadb-cloudinit.iso","network_config":"network:\n  version: 2\n  ethernets:\n    ens3:\n      dhcp4: true\n    ens4: \n      dhcp4: false\n      addresses: [\"192.168.201.3/24\"]\n    ens5: \n      dhcp4: false\n      addresses: [\"10.0.0.2/24\"]","pool":"default","user_data":"#cloud-config\n\"chpasswd\":\n  \"expire\": false\n  \"users\":\n  - \"name\": \"ubuntu\"\n    \"password\": \"asdasd\"\n    \"type\": \"text\"\n\"hostname\": \"mariadb\"\n\"keyboard\":\n  \"layout\": \"es\"\n  \"variant\": \"\"\n\"locale\": \"es_ES.UTF-8\"\n\"runcmd\":\n- \"for i in {1..15}; do ping -c1 8.8.8.8 \u0026\u0026 break || sleep 2; done\"\n- \"for i in {1..10}; do getent hosts deb.debian.org \u0026\u0026 break || sleep 2; done\"\n- \"DEBIAN_FRONTEND=noninteractive apt-get update -o Acquire::ForceIPv4=true || true\"\n- \"DEBIAN_FRONTEND=noninteractive apt-get install -y -o Dpkg::Options::=\\\"--force-confdef\\\"\n  -o Dpkg::Options::=\\\"--force-confold\\\" kbd || true\"\n- \"loadkeys es || true\"\n- \"command -v setupcon \u003e/dev/null 2\u003e\u00261 \u0026\u0026 setupcon || true\"\n- \"localectl set-locale LANG=es_ES.UTF-8 || true\"\n\"timezone\": \"Europe/Madrid\"\n\"users\":\n- \"groups\": \"users, admin\"\n  \"name\": \"ubuntu\"\n  \"shell\": \"/bin/bash\"\n  \"ssh-authorized-keys\":\n  - \"ssh-ed25519 AAAAC3NzaC1lZDI1NTE5AAAAIGlvA2THtXwTUPU/p7EnbvJCjz5GUxWtXch7YJPE6x7A\n    marina@debian\"\n  \"sudo\": \"ALL=(ALL) NOPASSWD:ALL\"\n\"write_files\":\n- \"content\": |\n    Acquire::ForceIPv4 \"true\";\n  \"path\": \"/etc/apt/apt.conf.d/99force-ipv4\"\n  \"permissions\": \"0644\"\n- \"content\": |\n    XKBMODEL=\"pc105\"\n    XKBLAYOUT=\"es\"\n    XKBVARIANT=\"\"\n    XKBOPTIONS=\"\"\n    BACKSPACE=\"guess\"\n  \"owner\": \"root:root\"\n  \"path\": \"/etc/default/keyboard\"\n  \"permissions\": \"0644\"\n"},"sensitive_attributes":[],"private":"bnVsbA=="}]},{"module":"module.server[\"mariadb\"]","mode":"managed","type":"libvirt_domain","name":"vm","provider":"provider[\"registry.opentofu.org/dmacvicar/libvirt\"]","instances":[{"schema_version":0,"attributes":{"arch":"x86_64","autostart":false,"boot_device":[],"cloudinit":"/var/lib/libvirt/images/mariadb-cloudinit.iso;d3fc5abf-b691-4297-baf2-6163f6bebad3","cmdline":null,"console":[],"coreos_ignition":null,"cpu":[{"mode":"custom"}],"description":"","disk":[{"block_device":"","file":"","scsi":false,"url":"","volume_id":"/var/lib/libvirt/images/mariadb-linked.qcow2","wwn":""}],"emulator":"/usr/bin/qemu-system-x86_64","filesystem":[],"firmware":null,"fw_cfg_name":"opt/com.coreos/config","graphics":[],"id":"1304af9e-e038-4ade-81f8-30f7507349ed","initrd":"","kernel":"","machine":"pc","memory":1024,"metadata":null,"name":"mariadb","network_interface":[{"addresses":["192.168.200.237"],"bridge":"","hostname":"","mac":"52:54:00:7E:CA:EC","macvtap":"","network_id":"d160d801-b0c9-4df6-b0ed-18ddd7bb0a02","network_name":"red-externa","passthrough":"","vepa":"","wait_for_lease":true},{"addresses":[],"bridge":"","hostname":"","mac":"52:54:00:9E:AA:67","macvtap":"","network_id":"9c39c368-736c-4c6c-a5be-0a60868cefcb","network_name":"red-conf","passthrough":"","vepa":"","wait_for_lease":false},{"addresses":[],"bridge":"","hostname":"","mac":"52:54:00:E6:6B:A5","macvtap":"","network_id":"5a3c0de9-c063-4872-9c1c-239a78522b39","network_name":"red-datos","passthrough":"","vepa":"","wait_for_lease":false}],"nvram":[],"qemu_agent":false,"running":true,"timeouts":null,"tpm":[],"type":"kvm","vcpu":1,"video":[],"xml":[]},"sensitive_attributes":[],"private":"eyJlMmJmYjczMC1lY2FhLTExZTYtOGY4OC0zNDM2M2JjN2M0YzAiOnsiY3JlYXRlIjozMDAwMDAwMDAwMDB9fQ==","dependencies":["module.network.libvirt_network.net","module.server.libvirt_cloudinit_disk.cloudinit","module.server.libvirt_volume.disk_main","module.server.libvirt_volume.extra_disks"]}]},{"module":"module.server[\"mariadb\"]","mode":"managed","type":"libvirt_volume","name":"disk_main","provider":"provider[\"registry.opentofu.org/dmacvicar/libvirt\"]","instances":[{"schema_version":0,"attributes":{"base_volume_id":"/var/lib/libvirt/images/ubuntu2404-base.qcow2","base_volume_name":null,"base_volume_pool":null,"format":"qcow2","id":"/var/lib/libvirt/images/mariadb-linked.qcow2","name":"mariadb-linked.qcow2","pool":"default","size":10737418240,"source":null,"xml":[]},"sensitive_attributes":[],"private":"bnVsbA=="}]}],"check_results":null}
